// !$*UTF8*$!
{
	archiveVersion = 1;
	classes = {
	};
	objectVersion = 46;
	objects = {

/* Begin PBXBuildFile section */
		A57E867D1DEFCCEB0004F85F /* MemoriesCollectionViewController.swift in Sources */ = {isa = PBXBuildFile; fileRef = A57E867C1DEFCCEB0004F85F /* MemoriesCollectionViewController.swift */; };
		A57E867F1DEFCDFA0004F85F /* MemoryCell.swift in Sources */ = {isa = PBXBuildFile; fileRef = A57E867E1DEFCDFA0004F85F /* MemoryCell.swift */; };
		A5E8C7061DED28F60094F9AB /* AppDelegate.swift in Sources */ = {isa = PBXBuildFile; fileRef = A5E8C7051DED28F60094F9AB /* AppDelegate.swift */; };
		A5E8C7081DED28F60094F9AB /* ViewController.swift in Sources */ = {isa = PBXBuildFile; fileRef = A5E8C7071DED28F60094F9AB /* ViewController.swift */; };
		A5E8C70B1DED28F70094F9AB /* Main.storyboard in Resources */ = {isa = PBXBuildFile; fileRef = A5E8C7091DED28F70094F9AB /* Main.storyboard */; };
		A5E8C70D1DED28F90094F9AB /* Assets.xcassets in Resources */ = {isa = PBXBuildFile; fileRef = A5E8C70C1DED28F90094F9AB /* Assets.xcassets */; };
		A5E8C7101DED28FA0094F9AB /* LaunchScreen.storyboard in Resources */ = {isa = PBXBuildFile; fileRef = A5E8C70E1DED28FA0094F9AB /* LaunchScreen.storyboard */; };
/* End PBXBuildFile section */

/* Begin PBXFileReference section */
		A57E867C1DEFCCEB0004F85F /* MemoriesCollectionViewController.swift */ = {isa = PBXFileReference; fileEncoding = 4; lastKnownFileType = sourcecode.swift; path = MemoriesCollectionViewController.swift; sourceTree = "<group>"; };
		A57E867E1DEFCDFA0004F85F /* MemoryCell.swift */ = {isa = PBXFileReference; fileEncoding = 4; lastKnownFileType = sourcecode.swift; path = MemoryCell.swift; sourceTree = "<group>"; };
		A5E8C7021DED28F50094F9AB /* GloryDays.app */ = {isa = PBXFileReference; explicitFileType = wrapper.application; includeInIndex = 0; path = GloryDays.app; sourceTree = BUILT_PRODUCTS_DIR; };
		A5E8C7051DED28F60094F9AB /* AppDelegate.swift */ = {isa = PBXFileReference; lastKnownFileType = sourcecode.swift; path = AppDelegate.swift; sourceTree = "<group>"; };
		A5E8C7071DED28F60094F9AB /* ViewController.swift */ = {isa = PBXFileReference; lastKnownFileType = sourcecode.swift; path = ViewController.swift; sourceTree = "<group>"; };
		A5E8C70A1DED28F70094F9AB /* Base */ = {isa = PBXFileReference; lastKnownFileType = file.storyboard; name = Base; path = Base.lproj/Main.storyboard; sourceTree = "<group>"; };
		A5E8C70C1DED28F90094F9AB /* Assets.xcassets */ = {isa = PBXFileReference; lastKnownFileType = folder.assetcatalog; path = Assets.xcassets; sourceTree = "<group>"; };
		A5E8C70F1DED28FA0094F9AB /* Base */ = {isa = PBXFileReference; lastKnownFileType = file.storyboard; name = Base; path = Base.lproj/LaunchScreen.storyboard; sourceTree = "<group>"; };
		A5E8C7111DED28FA0094F9AB /* Info.plist */ = {isa = PBXFileReference; lastKnownFileType = text.plist.xml; path = Info.plist; sourceTree = "<group>"; };
/* End PBXFileReference section */

/* Begin PBXFrameworksBuildPhase section */
		A5E8C6FF1DED28EE0094F9AB /* Frameworks */ = {
			isa = PBXFrameworksBuildPhase;
			buildActionMask = 2147483647;
			files = (
			);
			runOnlyForDeploymentPostprocessing = 0;
		};
/* End PBXFrameworksBuildPhase section */

/* Begin PBXGroup section */
		A5E8C6F91DED28EE0094F9AB = {
			isa = PBXGroup;
			children = (
				A5E8C7041DED28F50094F9AB /* GloryDays */,
				A5E8C7031DED28F50094F9AB /* Products */,
			);
			sourceTree = "<group>";
		};
		A5E8C7031DED28F50094F9AB /* Products */ = {
			isa = PBXGroup;
			children = (
				A5E8C7021DED28F50094F9AB /* GloryDays.app */,
			);
			name = Products;
			sourceTree = "<group>";
		};
		A5E8C7041DED28F50094F9AB /* GloryDays */ = {
			isa = PBXGroup;
			children = (
				A5E8C7051DED28F60094F9AB /* AppDelegate.swift */,
				A5E8C7071DED28F60094F9AB /* ViewController.swift */,
				A5E8C7091DED28F70094F9AB /* Main.storyboard */,
				A57E867E1DEFCDFA0004F85F /* MemoryCell.swift */,
				A57E867C1DEFCCEB0004F85F /* MemoriesCollectionViewController.swift */,
				A5E8C70C1DED28F90094F9AB /* Assets.xcassets */,
				A5E8C70E1DED28FA0094F9AB /* LaunchScreen.storyboard */,
				A5E8C7111DED28FA0094F9AB /* Info.plist */,
			);
			path = GloryDays;
			sourceTree = "<group>";
		};
/* End PBXGroup section */

/* Begin PBXNativeTarget section */
		A5E8C7011DED28EE0094F9AB /* GloryDays */ = {
			isa = PBXNativeTarget;
			buildConfigurationList = A5E8C7141DED28FB0094F9AB /* Build configuration list for PBXNativeTarget "GloryDays" */;
			buildPhases = (
				A5E8C6FE1DED28EE0094F9AB /* Sources */,
				A5E8C6FF1DED28EE0094F9AB /* Frameworks */,
				A5E8C7001DED28EE0094F9AB /* Resources */,
			);
			buildRules = (
			);
			dependencies = (
			);
			name = GloryDays;
			productName = GloryDays;
			productReference = A5E8C7021DED28F50094F9AB /* GloryDays.app */;
			productType = "com.apple.product-type.application";
		};
/* End PBXNativeTarget section */

/* Begin PBXProject section */
		A5E8C6FA1DED28EE0094F9AB /* Project object */ = {
			isa = PBXProject;
			attributes = {
				LastSwiftUpdateCheck = 0810;
				LastUpgradeCheck = 0810;
				ORGANIZATIONNAME = "Juan Manuel Jimenez Sanchez";
				TargetAttributes = {
					A5E8C7011DED28EE0094F9AB = {
						CreatedOnToolsVersion = 8.1;
						ProvisioningStyle = Automatic;
					};
				};
			};
			buildConfigurationList = A5E8C6FD1DED28EE0094F9AB /* Build configuration list for PBXProject "GloryDays" */;
			compatibilityVersion = "Xcode 3.2";
			developmentRegion = English;
			hasScannedForEncodings = 0;
			knownRegions = (
				en,
				Base,
			);
			mainGroup = A5E8C6F91DED28EE0094F9AB;
			productRefGroup = A5E8C7031DED28F50094F9AB /* Products */;
			projectDirPath = "";
			projectRoot = "";
			targets = (
				A5E8C7011DED28EE0094F9AB /* GloryDays */,
			);
		};
/* End PBXProject section */

/* Begin PBXResourcesBuildPhase section */
		A5E8C7001DED28EE0094F9AB /* Resources */ = {
			isa = PBXResourcesBuildPhase;
			buildActionMask = 2147483647;
			files = (
				A5E8C7101DED28FA0094F9AB /* LaunchScreen.storyboard in Resources */,
				A5E8C70D1DED28F90094F9AB /* Assets.xcassets in Resources */,
				A5E8C70B1DED28F70094F9AB /* Main.storyboard in Resources */,
			);
			runOnlyForDeploymentPostprocessing = 0;
		};
/* End PBXResourcesBuildPhase section */

/* Begin PBXSourcesBuildPhase section */
		A5E8C6FE1DED28EE0094F9AB /* Sources */ = {
			isa = PBXSourcesBuildPhase;
			buildActionMask = 2147483647;
			files = (
				A57E867F1DEFCDFA0004F85F /* MemoryCell.swift in Sources */,
				A5E8C7081DED28F60094F9AB /* ViewController.swift in Sources */,
				A5E8C7061DED28F60094F9AB /* AppDelegate.swift in Sources */,
				A57E867D1DEFCCEB0004F85F /* MemoriesCollectionViewController.swift in Sources */,
			);
			runOnlyForDeploymentPostprocessing = 0;
		};
/* End PBXSourcesBuildPhase section */

/* Begin PBXVariantGroup section */
		A5E8C7091DED28F70094F9AB /* Main.storyboard */ = {
			isa = PBXVariantGroup;
			children = (
				A5E8C70A1DED28F70094F9AB /* Base */,
			);
			name = Main.storyboard;
			sourceTree = "<group>";
		};
		A5E8C70E1DED28FA0094F9AB /* LaunchScreen.storyboard */ = {
			isa = PBXVariantGroup;
			children = (
				A5E8C70F1DED28FA0094F9AB /* Base */,
			);
			name = LaunchScreen.storyboard;
			sourceTree = "<group>";
		};
/* End PBXVariantGroup section */

/* Begin XCBuildConfiguration section */
		A5E8C7121DED28FB0094F9AB /* Debug */ = {
			isa = XCBuildConfiguration;
			buildSettings = {
				ALWAYS_SEARCH_USER_PATHS = NO;
				CLANG_ANALYZER_NONNULL = YES;
				CLANG_CXX_LANGUAGE_STANDARD = "gnu++0x";
				CLANG_CXX_LIBRARY = "libc++";
				CLANG_ENABLE_MODULES = YES;
				CLANG_ENABLE_OBJC_ARC = YES;
				CLANG_WARN_BOOL_CONVERSION = YES;
				CLANG_WARN_CONSTANT_CONVERSION = YES;
				CLANG_WARN_DIRECT_OBJC_ISA_USAGE = YES_ERROR;
				CLANG_WARN_DOCUMENTATION_COMMENTS = YES;
				CLANG_WARN_EMPTY_BODY = YES;
				CLANG_WARN_ENUM_CONVERSION = YES;
				CLANG_WARN_INFINITE_RECURSION = YES;
				CLANG_WARN_INT_CONVERSION = YES;
				CLANG_WARN_OBJC_ROOT_CLASS = YES_ERROR;
				CLANG_WARN_SUSPICIOUS_MOVES = YES;
				CLANG_WARN_UNREACHABLE_CODE = YES;
				CLANG_WARN__DUPLICATE_METHOD_MATCH = YES;
				"CODE_SIGN_IDENTITY[sdk=iphoneos*]" = "iPhone Developer";
				COPY_PHASE_STRIP = NO;
				DEBUG_INFORMATION_FORMAT = dwarf;
				ENABLE_STRICT_OBJC_MSGSEND = YES;
				ENABLE_TESTABILITY = YES;
				GCC_C_LANGUAGE_STANDARD = gnu99;
				GCC_DYNAMIC_NO_PIC = NO;
				GCC_NO_COMMON_BLOCKS = YES;
				GCC_OPTIMIZATION_LEVEL = 0;
				GCC_PREPROCESSOR_DEFINITIONS = (
					"DEBUG=1",
					"$(inherited)",
				);
				GCC_WARN_64_TO_32_BIT_CONVERSION = YES;
				GCC_WARN_ABOUT_RETURN_TYPE = YES_ERROR;
				GCC_WARN_UNDECLARED_SELECTOR = YES;
				GCC_WARN_UNINITIALIZED_AUTOS = YES_AGGRESSIVE;
				GCC_WARN_UNUSED_FUNCTION = YES;
				GCC_WARN_UNUSED_VARIABLE = YES;
				IPHONEOS_DEPLOYMENT_TARGET = 10.1;
				MTL_ENABLE_DEBUG_INFO = YES;
				ONLY_ACTIVE_ARCH = YES;
				SDKROOT = iphoneos;
				SWIFT_ACTIVE_COMPILATION_CONDITIONS = DEBUG;
				SWIFT_OPTIMIZATION_LEVEL = "-Onone";
				TARGETED_DEVICE_FAMILY = "1,2";
			};
			name = Debug;
		};
		A5E8C7131DED28FB0094F9AB /* Release */ = {
			isa = XCBuildConfiguration;
			buildSettings = {
				ALWAYS_SEARCH_USER_PATHS = NO;
				CLANG_ANALYZER_NONNULL = YES;
				CLANG_CXX_LANGUAGE_STANDARD = "gnu++0x";
				CLANG_CXX_LIBRARY = "libc++";
				CLANG_ENABLE_MODULES = YES;
				CLANG_ENABLE_OBJC_ARC = YES;
				CLANG_WARN_BOOL_CONVERSION = YES;
				CLANG_WARN_CONSTANT_CONVERSION = YES;
				CLANG_WARN_DIRECT_OBJC_ISA_USAGE = YES_ERROR;
				CLANG_WARN_DOCUMENTATION_COMMENTS = YES;
				CLANG_WARN_EMPTY_BODY = YES;
				CLANG_WARN_ENUM_CONVERSION = YES;
				CLANG_WARN_INFINITE_RECURSION = YES;
				CLANG_WARN_INT_CONVERSION = YES;
				CLANG_WARN_OBJC_ROOT_CLASS = YES_ERROR;
				CLANG_WARN_SUSPICIOUS_MOVES = YES;
				CLANG_WARN_UNREACHABLE_CODE = YES;
				CLANG_WARN__DUPLICATE_METHOD_MATCH = YES;
				"CODE_SIGN_IDENTITY[sdk=iphoneos*]" = "iPhone Developer";
				COPY_PHASE_STRIP = NO;
				DEBUG_INFORMATION_FORMAT = "dwarf-with-dsym";
				ENABLE_NS_ASSERTIONS = NO;
				ENABLE_STRICT_OBJC_MSGSEND = YES;
				GCC_C_LANGUAGE_STANDARD = gnu99;
				GCC_NO_COMMON_BLOCKS = YES;
				GCC_WARN_64_TO_32_BIT_CONVERSION = YES;
				GCC_WARN_ABOUT_RETURN_TYPE = YES_ERROR;
				GCC_WARN_UNDECLARED_SELECTOR = YES;
				GCC_WARN_UNINITIALIZED_AUTOS = YES_AGGRESSIVE;
				GCC_WARN_UNUSED_FUNCTION = YES;
				GCC_WARN_UNUSED_VARIABLE = YES;
				IPHONEOS_DEPLOYMENT_TARGET = 10.1;
				MTL_ENABLE_DEBUG_INFO = NO;
				SDKROOT = iphoneos;
				SWIFT_OPTIMIZATION_LEVEL = "-Owholemodule";
				TARGETED_DEVICE_FAMILY = "1,2";
				VALIDATE_PRODUCT = YES;
			};
			name = Release;
		};
		A5E8C7151DED28FB0094F9AB /* Debug */ = {
			isa = XCBuildConfiguration;
			buildSettings = {
				ASSETCATALOG_COMPILER_APPICON_NAME = AppIcon;
				INFOPLIST_FILE = GloryDays/Info.plist;
				LD_RUNPATH_SEARCH_PATHS = "$(inherited) @executable_path/Frameworks";
				PRODUCT_BUNDLE_IDENTIFIER = com.juanmjimenezs.GloryDays;
				PRODUCT_NAME = "$(TARGET_NAME)";
				SWIFT_VERSION = 3.0;
			};
			name = Debug;
		};
		A5E8C7161DED28FB0094F9AB /* Release */ = {
			isa = XCBuildConfiguration;
			buildSettings = {
				ASSETCATALOG_COMPILER_APPICON_NAME = AppIcon;
				INFOPLIST_FILE = GloryDays/Info.plist;
				LD_RUNPATH_SEARCH_PATHS = "$(inherited) @executable_path/Frameworks";
				PRODUCT_BUNDLE_IDENTIFIER = com.juanmjimenezs.GloryDays;
				PRODUCT_NAME = "$(TARGET_NAME)";
				SWIFT_VERSION = 3.0;
			};
			name = Release;
		};
/* End XCBuildConfiguration section */

/* Begin XCConfigurationList section */
		A5E8C6FD1DED28EE0094F9AB /* Build configuration list for PBXProject "GloryDays" */ = {
			isa = XCConfigurationList;
			buildConfigurations = (
				A5E8C7121DED28FB0094F9AB /* Debug */,
				A5E8C7131DED28FB0094F9AB /* Release */,
			);
			defaultConfigurationIsVisible = 0;
			defaultConfigurationName = Release;
		};
		A5E8C7141DED28FB0094F9AB /* Build configuration list for PBXNativeTarget "GloryDays" */ = {
			isa = XCConfigurationList;
			buildConfigurations = (
				A5E8C7151DED28FB0094F9AB /* Debug */,
				A5E8C7161DED28FB0094F9AB /* Release */,
			);
			defaultConfigurationIsVisible = 0;
			defaultConfigurationName = Release;
		};
/* End XCConfigurationList section */
	};
	rootObject = A5E8C6FA1DED28EE0094F9AB /* Project object */;
}
